
Microsoft Visual Studio Solution File, Format Version 12.00
# Visual Studio Version 17
VisualStudioVersion = 17.3.32804.467
MinimumVisualStudioVersion = 10.0.40219.1
Project("{2150E333-8FDC-42A3-9474-1A3956D46DE8}") = "src", "src", "{5A1CAF4B-FDB8-4645-83E9-38969A34CE68}"
EndProject
Project("{2150E333-8FDC-42A3-9474-1A3956D46DE8}") = "rentACar", "rentACar", "{5C7DF644-E471-44F1-B45E-CCCB99A9BE1E}"
EndProject
Project("{9A19103F-16F7-4668-BE54-9A1E7A4F7556}") = "Application", "src\rentACar\Application\Application.csproj", "{F707061E-5DF2-4D8B-B0C8-70B3481360D3}"
EndProject
Project("{9A19103F-16F7-4668-BE54-9A1E7A4F7556}") = "Domain", "src\rentACar\Domain\Domain.csproj", "{BA4DAB3A-6D95-4647-9397-AAC2C4C4E98F}"
EndProject
Project("{9A19103F-16F7-4668-BE54-9A1E7A4F7556}") = "Infrastructure", "src\rentACar\Infrastructure\Infrastructure.csproj", "{A74BC682-CB9F-4872-9372-6FE6519C853D}"
EndProject
Project("{9A19103F-16F7-4668-BE54-9A1E7A4F7556}") = "Persistence", "src\rentACar\Persistence\Persistence.csproj", "{B0D1D926-597A-4741-8A79-D68D41834E21}"
EndProject
Project("{9A19103F-16F7-4668-BE54-9A1E7A4F7556}") = "WebAPI", "src\rentACar\WebAPI\WebAPI.csproj", "{7FD17596-8A41-4F71-8113-1DF254386A40}"
EndProject
Project("{2150E333-8FDC-42A3-9474-1A3956D46DE8}") = "corePackages", "corePackages", "{7E27F07C-A7FA-48B4-94F8-6EBD668EB3E5}"
EndProject
Project("{9A19103F-16F7-4668-BE54-9A1E7A4F7556}") = "Core.Application", "src\corePackages\Core.Application\Core.Application.csproj", "{C7BE2E36-5868-4C33-9C46-4691202AD0A1}"
EndProject
Project("{9A19103F-16F7-4668-BE54-9A1E7A4F7556}") = "Core.CrossCuttingConcerns", "src\corePackages\Core.CrossCuttingConcers\Core.CrossCuttingConcerns.csproj", "{C6FC7063-32A7-46B8-991B-F9C4E80ED7A1}"
EndProject
Project("{9A19103F-16F7-4668-BE54-9A1E7A4F7556}") = "Core.ElasticSearch", "src\corePackages\Core.ElasticSearch\Core.ElasticSearch.csproj", "{9D30EC33-C47E-47A0-8DE2-9F16B3B13335}"
EndProject
Project("{9A19103F-16F7-4668-BE54-9A1E7A4F7556}") = "Core.Mailing", "src\corePackages\Core.Mailing\Core.Mailing.csproj", "{2A7B7B7A-2193-4126-A52F-2D437AFFB478}"
EndProject
Project("{9A19103F-16F7-4668-BE54-9A1E7A4F7556}") = "Core.Persistence", "src\corePackages\Core.Persistence\Core.Persistence.csproj", "{374FF599-6F1C-4132-987F-6DAA70A8DBBC}"
EndProject
Project("{9A19103F-16F7-4668-BE54-9A1E7A4F7556}") = "Core.Security", "src\corePackages\Core.Security\Core.Security.csproj", "{2BA68F3B-70B9-4474-9A87-504638BCBAE3}"
EndProject
Global
	GlobalSection(SolutionConfigurationPlatforms) = preSolution
		Debug|Any CPU = Debug|Any CPU
		Release|Any CPU = Release|Any CPU
	EndGlobalSection
	GlobalSection(ProjectConfigurationPlatforms) = postSolution
		{F707061E-5DF2-4D8B-B0C8-70B3481360D3}.Debug|Any CPU.ActiveCfg = Debug|Any CPU
		{F707061E-5DF2-4D8B-B0C8-70B3481360D3}.Debug|Any CPU.Build.0 = Debug|Any CPU
		{F707061E-5DF2-4D8B-B0C8-70B3481360D3}.Release|Any CPU.ActiveCfg = Release|Any CPU
		{F707061E-5DF2-4D8B-B0C8-70B3481360D3}.Release|Any CPU.Build.0 = Release|Any CPU
		{BA4DAB3A-6D95-4647-9397-AAC2C4C4E98F}.Debug|Any CPU.ActiveCfg = Debug|Any CPU
		{BA4DAB3A-6D95-4647-9397-AAC2C4C4E98F}.Debug|Any CPU.Build.0 = Debug|Any CPU
		{BA4DAB3A-6D95-4647-9397-AAC2C4C4E98F}.Release|Any CPU.ActiveCfg = Release|Any CPU
		{BA4DAB3A-6D95-4647-9397-AAC2C4C4E98F}.Release|Any CPU.Build.0 = Release|Any CPU
		{A74BC682-CB9F-4872-9372-6FE6519C853D}.Debug|Any CPU.ActiveCfg = Debug|Any CPU
		{A74BC682-CB9F-4872-9372-6FE6519C853D}.Debug|Any CPU.Build.0 = Debug|Any CPU
		{A74BC682-CB9F-4872-9372-6FE6519C853D}.Release|Any CPU.ActiveCfg = Release|Any CPU
		{A74BC682-CB9F-4872-9372-6FE6519C853D}.Release|Any CPU.Build.0 = Release|Any CPU
		{B0D1D926-597A-4741-8A79-D68D41834E21}.Debug|Any CPU.ActiveCfg = Debug|Any CPU
		{B0D1D926-597A-4741-8A79-D68D41834E21}.Debug|Any CPU.Build.0 = Debug|Any CPU
		{B0D1D926-597A-4741-8A79-D68D41834E21}.Release|Any CPU.ActiveCfg = Release|Any CPU
		{B0D1D926-597A-4741-8A79-D68D41834E21}.Release|Any CPU.Build.0 = Release|Any CPU
		{7FD17596-8A41-4F71-8113-1DF254386A40}.Debug|Any CPU.ActiveCfg = Debug|Any CPU
		{7FD17596-8A41-4F71-8113-1DF254386A40}.Debug|Any CPU.Build.0 = Debug|Any CPU
		{7FD17596-8A41-4F71-8113-1DF254386A40}.Release|Any CPU.ActiveCfg = Release|Any CPU
		{7FD17596-8A41-4F71-8113-1DF254386A40}.Release|Any CPU.Build.0 = Release|Any CPU
		{C7BE2E36-5868-4C33-9C46-4691202AD0A1}.Debug|Any CPU.ActiveCfg = Debug|Any CPU
		{C7BE2E36-5868-4C33-9C46-4691202AD0A1}.Debug|Any CPU.Build.0 = Debug|Any CPU
		{C7BE2E36-5868-4C33-9C46-4691202AD0A1}.Release|Any CPU.ActiveCfg = Release|Any CPU
		{C7BE2E36-5868-4C33-9C46-4691202AD0A1}.Release|Any CPU.Build.0 = Release|Any CPU
		{C6FC7063-32A7-46B8-991B-F9C4E80ED7A1}.Debug|Any CPU.ActiveCfg = Debug|Any CPU
		{C6FC7063-32A7-46B8-991B-F9C4E80ED7A1}.Debug|Any CPU.Build.0 = Debug|Any CPU
		{C6FC7063-32A7-46B8-991B-F9C4E80ED7A1}.Release|Any CPU.ActiveCfg = Release|Any CPU
		{C6FC7063-32A7-46B8-991B-F9C4E80ED7A1}.Release|Any CPU.Build.0 = Release|Any CPU
		{9D30EC33-C47E-47A0-8DE2-9F16B3B13335}.Debug|Any CPU.ActiveCfg = Debug|Any CPU
		{9D30EC33-C47E-47A0-8DE2-9F16B3B13335}.Debug|Any CPU.Build.0 = Debug|Any CPU
		{9D30EC33-C47E-47A0-8DE2-9F16B3B13335}.Release|Any CPU.ActiveCfg = Release|Any CPU
		{9D30EC33-C47E-47A0-8DE2-9F16B3B13335}.Release|Any CPU.Build.0 = Release|Any CPU
		{2A7B7B7A-2193-4126-A52F-2D437AFFB478}.Debug|Any CPU.ActiveCfg = Debug|Any CPU
		{2A7B7B7A-2193-4126-A52F-2D437AFFB478}.Debug|Any CPU.Build.0 = Debug|Any CPU
		{2A7B7B7A-2193-4126-A52F-2D437AFFB478}.Release|Any CPU.ActiveCfg = Release|Any CPU
		{2A7B7B7A-2193-4126-A52F-2D437AFFB478}.Release|Any CPU.Build.0 = Release|Any CPU
		{374FF599-6F1C-4132-987F-6DAA70A8DBBC}.Debug|Any CPU.ActiveCfg = Debug|Any CPU
		{374FF599-6F1C-4132-987F-6DAA70A8DBBC}.Debug|Any CPU.Build.0 = Debug|Any CPU
		{374FF599-6F1C-4132-987F-6DAA70A8DBBC}.Release|Any CPU.ActiveCfg = Release|Any CPU
		{374FF599-6F1C-4132-987F-6DAA70A8DBBC}.Release|Any CPU.Build.0 = Release|Any CPU
		{2BA68F3B-70B9-4474-9A87-504638BCBAE3}.Debug|Any CPU.ActiveCfg = Debug|Any CPU
		{2BA68F3B-70B9-4474-9A87-504638BCBAE3}.Debug|Any CPU.Build.0 = Debug|Any CPU
		{2BA68F3B-70B9-4474-9A87-504638BCBAE3}.Release|Any CPU.ActiveCfg = Release|Any CPU
		{2BA68F3B-70B9-4474-9A87-504638BCBAE3}.Release|Any CPU.Build.0 = Release|Any CPU
	EndGlobalSection
	GlobalSection(SolutionProperties) = preSolution
		HideSolutionNode = FALSE
	EndGlobalSection
	GlobalSection(NestedProjects) = preSolution
		{5C7DF644-E471-44F1-B45E-CCCB99A9BE1E} = {5A1CAF4B-FDB8-4645-83E9-38969A34CE68}
		{F707061E-5DF2-4D8B-B0C8-70B3481360D3} = {5C7DF644-E471-44F1-B45E-CCCB99A9BE1E}
		{BA4DAB3A-6D95-4647-9397-AAC2C4C4E98F} = {5C7DF644-E471-44F1-B45E-CCCB99A9BE1E}
		{A74BC682-CB9F-4872-9372-6FE6519C853D} = {5C7DF644-E471-44F1-B45E-CCCB99A9BE1E}
		{B0D1D926-597A-4741-8A79-D68D41834E21} = {5C7DF644-E471-44F1-B45E-CCCB99A9BE1E}
		{7FD17596-8A41-4F71-8113-1DF254386A40} = {5C7DF644-E471-44F1-B45E-CCCB99A9BE1E}
		{7E27F07C-A7FA-48B4-94F8-6EBD668EB3E5} = {5A1CAF4B-FDB8-4645-83E9-38969A34CE68}
		{C7BE2E36-5868-4C33-9C46-4691202AD0A1} = {7E27F07C-A7FA-48B4-94F8-6EBD668EB3E5}
		{C6FC7063-32A7-46B8-991B-F9C4E80ED7A1} = {7E27F07C-A7FA-48B4-94F8-6EBD668EB3E5}
		{9D30EC33-C47E-47A0-8DE2-9F16B3B13335} = {7E27F07C-A7FA-48B4-94F8-6EBD668EB3E5}
		{2A7B7B7A-2193-4126-A52F-2D437AFFB478} = {7E27F07C-A7FA-48B4-94F8-6EBD668EB3E5}
		{374FF599-6F1C-4132-987F-6DAA70A8DBBC} = {7E27F07C-A7FA-48B4-94F8-6EBD668EB3E5}
		{2BA68F3B-70B9-4474-9A87-504638BCBAE3} = {7E27F07C-A7FA-48B4-94F8-6EBD668EB3E5}
	EndGlobalSection
	GlobalSection(ExtensibilityGlobals) = postSolution
		SolutionGuid = {68C3B9DB-756C-4E3F-9F04-4A6279E93ECC}
	EndGlobalSection
EndGlobal
